
Microsoft Visual Studio Solution File, Format Version 12.00
# Visual Studio Version 17
VisualStudioVersion = 17.9.34701.34
MinimumVisualStudioVersion = 10.0.40219.1
Project("{FAE04EC0-301F-11D3-BF4B-00C04F79EFBC}") = "MatchGame", "MatchGame.csproj", "{182204BD-CB48-4E52-A3C0-75F3F50B4FD0}"
EndProject
Global
	GlobalSection(SolutionConfigurationPlatforms) = preSolution
		Debug|Any CPU = Debug|Any CPU
		Release|Any CPU = Release|Any CPU
	EndGlobalSection
	GlobalSection(ProjectConfigurationPlatforms) = postSolution
		{182204BD-CB48-4E52-A3C0-75F3F50B4FD0}.Debug|Any CPU.ActiveCfg = Debug|Any CPU
		{182204BD-CB48-4E52-A3C0-75F3F50B4FD0}.Debug|Any CPU.Build.0 = Debug|Any CPU
		{182204BD-CB48-4E52-A3C0-75F3F50B4FD0}.Release|Any CPU.ActiveCfg = Release|Any CPU
		{182204BD-CB48-4E52-A3C0-75F3F50B4FD0}.Release|Any CPU.Build.0 = Release|Any CPU
	EndGlobalSection
	GlobalSection(SolutionProperties) = preSolution
		HideSolutionNode = FALSE
	EndGlobalSection
	GlobalSection(ExtensibilityGlobals) = postSolution
		SolutionGuid = {58C46267-9D31-44CA-95B4-696EBFF8206F}
	EndGlobalSection
EndGlobal
